
Microsoft Visual Studio Solution File, Format Version 12.00
# Visual Studio 15
VisualStudioVersion = 15.0.27703.2042
MinimumVisualStudioVersion = 10.0.40219.1
Project("{FAE04EC0-301F-11D3-BF4B-00C04F79EFBC}") = "WebFrontEnd", "WebFrontEnd\WebFrontEnd.csproj", "{ABDCB0DD-74E5-4DE1-A93E-692BFB280BAC}"
EndProject
Global
	GlobalSection(SolutionConfigurationPlatforms) = preSolution
		Debug|Any CPU = Debug|Any CPU
		Release|Any CPU = Release|Any CPU
	EndGlobalSection
	GlobalSection(ProjectConfigurationPlatforms) = postSolution
		{ABDCB0DD-74E5-4DE1-A93E-692BFB280BAC}.Debug|Any CPU.ActiveCfg = Debug|Any CPU
		{ABDCB0DD-74E5-4DE1-A93E-692BFB280BAC}.Debug|Any CPU.Build.0 = Debug|Any CPU
		{ABDCB0DD-74E5-4DE1-A93E-692BFB280BAC}.Release|Any CPU.ActiveCfg = Release|Any CPU
		{ABDCB0DD-74E5-4DE1-A93E-692BFB280BAC}.Release|Any CPU.Build.0 = Release|Any CPU
	EndGlobalSection
	GlobalSection(SolutionProperties) = preSolution
		HideSolutionNode = FALSE
	EndGlobalSection
	GlobalSection(ExtensibilityGlobals) = postSolution
		SolutionGuid = {8521BBA5-5B7C-4A36-8AF5-BFD042F68079}
	EndGlobalSection
EndGlobal
