
Microsoft Visual Studio Solution File, Format Version 12.00
# Visual Studio 15
VisualStudioVersion = 15.0.27703.2042
MinimumVisualStudioVersion = 10.0.40219.1
Project("{9A19103F-16F7-4668-BE54-9A1E7A4F7556}") = "WebFrontEnd", "WebFrontEnd\WebFrontEnd.csproj", "{ABDCB0DD-74E5-4DE1-A93E-692BFB280BAC}"
EndProject
Project("{FAE04EC0-301F-11D3-BF4B-00C04F79EFBC}") = "ErpServices", "ErpServices\ErpServices.csproj", "{2714D33D-4FA9-4887-BDFD-E10BFFDBAD62}"
EndProject
Project("{FAE04EC0-301F-11D3-BF4B-00C04F79EFBC}") = "ErpModel", "ErpModel\ErpModel.csproj", "{60B6314A-6F71-4892-872F-72DE516A4BFE}"
EndProject
Project("{FAE04EC0-301F-11D3-BF4B-00C04F79EFBC}") = "ErpRepository", "ErpRepository\ErpRepository.csproj", "{EA4FF2AE-6FCC-4207-8617-B16A248D001F}"
EndProject
Global
	GlobalSection(SolutionConfigurationPlatforms) = preSolution
		Debug|Any CPU = Debug|Any CPU
		Release|Any CPU = Release|Any CPU
	EndGlobalSection
	GlobalSection(ProjectConfigurationPlatforms) = postSolution
		{ABDCB0DD-74E5-4DE1-A93E-692BFB280BAC}.Debug|Any CPU.ActiveCfg = Debug|Any CPU
		{ABDCB0DD-74E5-4DE1-A93E-692BFB280BAC}.Debug|Any CPU.Build.0 = Debug|Any CPU
		{ABDCB0DD-74E5-4DE1-A93E-692BFB280BAC}.Release|Any CPU.ActiveCfg = Release|Any CPU
		{ABDCB0DD-74E5-4DE1-A93E-692BFB280BAC}.Release|Any CPU.Build.0 = Release|Any CPU
		{2714D33D-4FA9-4887-BDFD-E10BFFDBAD62}.Debug|Any CPU.ActiveCfg = Debug|Any CPU
		{2714D33D-4FA9-4887-BDFD-E10BFFDBAD62}.Debug|Any CPU.Build.0 = Debug|Any CPU
		{2714D33D-4FA9-4887-BDFD-E10BFFDBAD62}.Release|Any CPU.ActiveCfg = Release|Any CPU
		{2714D33D-4FA9-4887-BDFD-E10BFFDBAD62}.Release|Any CPU.Build.0 = Release|Any CPU
		{60B6314A-6F71-4892-872F-72DE516A4BFE}.Debug|Any CPU.ActiveCfg = Debug|Any CPU
		{60B6314A-6F71-4892-872F-72DE516A4BFE}.Debug|Any CPU.Build.0 = Debug|Any CPU
		{60B6314A-6F71-4892-872F-72DE516A4BFE}.Release|Any CPU.ActiveCfg = Release|Any CPU
		{60B6314A-6F71-4892-872F-72DE516A4BFE}.Release|Any CPU.Build.0 = Release|Any CPU
		{EA4FF2AE-6FCC-4207-8617-B16A248D001F}.Debug|Any CPU.ActiveCfg = Debug|Any CPU
		{EA4FF2AE-6FCC-4207-8617-B16A248D001F}.Debug|Any CPU.Build.0 = Debug|Any CPU
		{EA4FF2AE-6FCC-4207-8617-B16A248D001F}.Release|Any CPU.ActiveCfg = Release|Any CPU
		{EA4FF2AE-6FCC-4207-8617-B16A248D001F}.Release|Any CPU.Build.0 = Release|Any CPU
	EndGlobalSection
	GlobalSection(SolutionProperties) = preSolution
		HideSolutionNode = FALSE
	EndGlobalSection
	GlobalSection(ExtensibilityGlobals) = postSolution
		SolutionGuid = {8521BBA5-5B7C-4A36-8AF5-BFD042F68079}
	EndGlobalSection
EndGlobal
